
Microsoft Visual Studio Solution File, Format Version 12.00
# Visual Studio Version 17
VisualStudioVersion = 17.7.34221.43
MinimumVisualStudioVersion = 10.0.40219.1
Project("{9A19103F-16F7-4668-BE54-9A1E7A4F7556}") = "MAUI", "MAUI.csproj", "{17E917F7-46C1-4D28-8A09-3B0315C74DE6}"
EndProject
Project("{9A19103F-16F7-4668-BE54-9A1E7A4F7556}") = "WebAPI", "..\WebApi\WebAPI.csproj", "{FDD3C5BD-C667-4A6A-8E6F-F9E74420EDF6}"
EndProject
Global
	GlobalSection(SolutionConfigurationPlatforms) = preSolution
		Debug|Any CPU = Debug|Any CPU
		EasyTest|Any CPU = EasyTest|Any CPU
		Release|Any CPU = Release|Any CPU
	EndGlobalSection
	GlobalSection(ProjectConfigurationPlatforms) = postSolution
		{17E917F7-46C1-4D28-8A09-3B0315C74DE6}.Debug|Any CPU.ActiveCfg = Debug|Any CPU
		{17E917F7-46C1-4D28-8A09-3B0315C74DE6}.Debug|Any CPU.Build.0 = Debug|Any CPU
		{17E917F7-46C1-4D28-8A09-3B0315C74DE6}.Debug|Any CPU.Deploy.0 = Debug|Any CPU
		{17E917F7-46C1-4D28-8A09-3B0315C74DE6}.EasyTest|Any CPU.ActiveCfg = Debug|Any CPU
		{17E917F7-46C1-4D28-8A09-3B0315C74DE6}.EasyTest|Any CPU.Build.0 = Debug|Any CPU
		{17E917F7-46C1-4D28-8A09-3B0315C74DE6}.EasyTest|Any CPU.Deploy.0 = Debug|Any CPU
		{17E917F7-46C1-4D28-8A09-3B0315C74DE6}.Release|Any CPU.ActiveCfg = Release|Any CPU
		{17E917F7-46C1-4D28-8A09-3B0315C74DE6}.Release|Any CPU.Build.0 = Release|Any CPU
		{17E917F7-46C1-4D28-8A09-3B0315C74DE6}.Release|Any CPU.Deploy.0 = Release|Any CPU
		{FDD3C5BD-C667-4A6A-8E6F-F9E74420EDF6}.Debug|Any CPU.ActiveCfg = Debug|Any CPU
		{FDD3C5BD-C667-4A6A-8E6F-F9E74420EDF6}.Debug|Any CPU.Build.0 = Debug|Any CPU
		{FDD3C5BD-C667-4A6A-8E6F-F9E74420EDF6}.EasyTest|Any CPU.ActiveCfg = EasyTest|Any CPU
		{FDD3C5BD-C667-4A6A-8E6F-F9E74420EDF6}.EasyTest|Any CPU.Build.0 = EasyTest|Any CPU
		{FDD3C5BD-C667-4A6A-8E6F-F9E74420EDF6}.Release|Any CPU.ActiveCfg = Release|Any CPU
		{FDD3C5BD-C667-4A6A-8E6F-F9E74420EDF6}.Release|Any CPU.Build.0 = Release|Any CPU
	EndGlobalSection
	GlobalSection(SolutionProperties) = preSolution
		HideSolutionNode = FALSE
	EndGlobalSection
	GlobalSection(ExtensibilityGlobals) = postSolution
		SolutionGuid = {B4391A60-7943-4634-A290-0A65B7C562C3}
	EndGlobalSection
EndGlobal
